
Microsoft Visual Studio Solution File, Format Version 12.00
# Visual Studio Version 17
VisualStudioVersion = 17.0.31903.59
MinimumVisualStudioVersion = 10.0.40219.1
Project("{9A19103F-16F7-4668-BE54-9A1E7A4F7556}") = "API", "API\API.csproj", "{C4A49D10-81F4-463A-BAE5-E271A90556AB}"
EndProject
Project("{9A19103F-16F7-4668-BE54-9A1E7A4F7556}") = "Application", "Application\Application.csproj", "{5DB93C4B-EB34-4F15-ADC2-DF59C8C2423B}"
EndProject
Project("{9A19103F-16F7-4668-BE54-9A1E7A4F7556}") = "Domain", "Domain\Domain.csproj", "{699AFA1B-6E73-4302-BBDD-13B343FD366D}"
EndProject
Project("{9A19103F-16F7-4668-BE54-9A1E7A4F7556}") = "Persistence", "Persistence\Persistence.csproj", "{4B27675B-D564-408A-B7A5-3F24B850DFAB}"
EndProject
Global
	GlobalSection(SolutionConfigurationPlatforms) = preSolution
		Debug|Any CPU = Debug|Any CPU
		Release|Any CPU = Release|Any CPU
	EndGlobalSection
	GlobalSection(ProjectConfigurationPlatforms) = postSolution
		{C4A49D10-81F4-463A-BAE5-E271A90556AB}.Debug|Any CPU.ActiveCfg = Debug|Any CPU
		{C4A49D10-81F4-463A-BAE5-E271A90556AB}.Debug|Any CPU.Build.0 = Debug|Any CPU
		{C4A49D10-81F4-463A-BAE5-E271A90556AB}.Release|Any CPU.ActiveCfg = Release|Any CPU
		{C4A49D10-81F4-463A-BAE5-E271A90556AB}.Release|Any CPU.Build.0 = Release|Any CPU
		{5DB93C4B-EB34-4F15-ADC2-DF59C8C2423B}.Debug|Any CPU.ActiveCfg = Debug|Any CPU
		{5DB93C4B-EB34-4F15-ADC2-DF59C8C2423B}.Debug|Any CPU.Build.0 = Debug|Any CPU
		{5DB93C4B-EB34-4F15-ADC2-DF59C8C2423B}.Release|Any CPU.ActiveCfg = Release|Any CPU
		{5DB93C4B-EB34-4F15-ADC2-DF59C8C2423B}.Release|Any CPU.Build.0 = Release|Any CPU
		{699AFA1B-6E73-4302-BBDD-13B343FD366D}.Debug|Any CPU.ActiveCfg = Debug|Any CPU
		{699AFA1B-6E73-4302-BBDD-13B343FD366D}.Debug|Any CPU.Build.0 = Debug|Any CPU
		{699AFA1B-6E73-4302-BBDD-13B343FD366D}.Release|Any CPU.ActiveCfg = Release|Any CPU
		{699AFA1B-6E73-4302-BBDD-13B343FD366D}.Release|Any CPU.Build.0 = Release|Any CPU
		{4B27675B-D564-408A-B7A5-3F24B850DFAB}.Debug|Any CPU.ActiveCfg = Debug|Any CPU
		{4B27675B-D564-408A-B7A5-3F24B850DFAB}.Debug|Any CPU.Build.0 = Debug|Any CPU
		{4B27675B-D564-408A-B7A5-3F24B850DFAB}.Release|Any CPU.ActiveCfg = Release|Any CPU
		{4B27675B-D564-408A-B7A5-3F24B850DFAB}.Release|Any CPU.Build.0 = Release|Any CPU
	EndGlobalSection
	GlobalSection(SolutionProperties) = preSolution
		HideSolutionNode = FALSE
	EndGlobalSection
	GlobalSection(ExtensibilityGlobals) = postSolution
		SolutionGuid = {F4BD8E82-A8E4-4A50-BFF1-AF1E1EFFDE5F}
	EndGlobalSection
EndGlobal
